
Microsoft Visual Studio Solution File, Format Version 12.00
# Visual Studio Version 17
VisualStudioVersion = 17.4.33213.308
MinimumVisualStudioVersion = 10.0.40219.1
Project("{8BC9CEB8-8B4A-11D0-8D11-00A0C91BC942}") = "MainApp", "MainApp\MainApp.vcxproj", "{B0817E14-32B3-4C4D-BFF3-5951467B9A61}"
EndProject
Project("{8BC9CEB8-8B4A-11D0-8D11-00A0C91BC942}") = "ElectronicsLogic", "ElectronicsLogic\ElectronicsLogic.vcxproj", "{6AE583CB-DD3A-453C-A397-99BEC8C1F244}"
EndProject
Project("{8BC9CEB8-8B4A-11D0-8D11-00A0C91BC942}") = "utility", "utility\config.vcxproj", "{9D1ADF61-6C50-4D34-9B28-9BC9C9F4E460}"
EndProject
Global
	GlobalSection(SolutionConfigurationPlatforms) = preSolution
		Debug|x64 = Debug|x64
		Debug|x86 = Debug|x86
		Release|x64 = Release|x64
		Release|x86 = Release|x86
	EndGlobalSection
	GlobalSection(ProjectConfigurationPlatforms) = postSolution
		{B0817E14-32B3-4C4D-BFF3-5951467B9A61}.Debug|x64.ActiveCfg = Debug|x64
		{B0817E14-32B3-4C4D-BFF3-5951467B9A61}.Debug|x64.Build.0 = Debug|x64
		{B0817E14-32B3-4C4D-BFF3-5951467B9A61}.Debug|x86.ActiveCfg = Debug|Win32
		{B0817E14-32B3-4C4D-BFF3-5951467B9A61}.Debug|x86.Build.0 = Debug|Win32
		{B0817E14-32B3-4C4D-BFF3-5951467B9A61}.Release|x64.ActiveCfg = Release|x64
		{B0817E14-32B3-4C4D-BFF3-5951467B9A61}.Release|x64.Build.0 = Release|x64
		{B0817E14-32B3-4C4D-BFF3-5951467B9A61}.Release|x86.ActiveCfg = Release|Win32
		{B0817E14-32B3-4C4D-BFF3-5951467B9A61}.Release|x86.Build.0 = Release|Win32
		{6AE583CB-DD3A-453C-A397-99BEC8C1F244}.Debug|x64.ActiveCfg = Debug|x64
		{6AE583CB-DD3A-453C-A397-99BEC8C1F244}.Debug|x64.Build.0 = Debug|x64
		{6AE583CB-DD3A-453C-A397-99BEC8C1F244}.Debug|x86.ActiveCfg = Debug|Win32
		{6AE583CB-DD3A-453C-A397-99BEC8C1F244}.Debug|x86.Build.0 = Debug|Win32
		{6AE583CB-DD3A-453C-A397-99BEC8C1F244}.Release|x64.ActiveCfg = Release|x64
		{6AE583CB-DD3A-453C-A397-99BEC8C1F244}.Release|x64.Build.0 = Release|x64
		{6AE583CB-DD3A-453C-A397-99BEC8C1F244}.Release|x86.ActiveCfg = Release|Win32
		{6AE583CB-DD3A-453C-A397-99BEC8C1F244}.Release|x86.Build.0 = Release|Win32
		{9D1ADF61-6C50-4D34-9B28-9BC9C9F4E460}.Debug|x64.ActiveCfg = Debug|x64
		{9D1ADF61-6C50-4D34-9B28-9BC9C9F4E460}.Debug|x64.Build.0 = Debug|x64
		{9D1ADF61-6C50-4D34-9B28-9BC9C9F4E460}.Debug|x86.ActiveCfg = Debug|Win32
		{9D1ADF61-6C50-4D34-9B28-9BC9C9F4E460}.Debug|x86.Build.0 = Debug|Win32
		{9D1ADF61-6C50-4D34-9B28-9BC9C9F4E460}.Release|x64.ActiveCfg = Release|x64
		{9D1ADF61-6C50-4D34-9B28-9BC9C9F4E460}.Release|x64.Build.0 = Release|x64
		{9D1ADF61-6C50-4D34-9B28-9BC9C9F4E460}.Release|x86.ActiveCfg = Release|Win32
		{9D1ADF61-6C50-4D34-9B28-9BC9C9F4E460}.Release|x86.Build.0 = Release|Win32
	EndGlobalSection
	GlobalSection(SolutionProperties) = preSolution
		HideSolutionNode = FALSE
	EndGlobalSection
	GlobalSection(ExtensibilityGlobals) = postSolution
		SolutionGuid = {06E12C42-652D-4A45-B846-6A2915F9DABA}
	EndGlobalSection
EndGlobal
